
Microsoft Visual Studio Solution File, Format Version 12.00
# Visual Studio Version 17
VisualStudioVersion = 17.3.32825.248
MinimumVisualStudioVersion = 10.0.40219.1
Project("{9A19103F-16F7-4668-BE54-9A1E7A4F7556}") = "Eevee", "Eevee\Eevee.csproj", "{D831FD67-A7EB-4498-B240-304CCD5998FD}"
EndProject
Project("{9A19103F-16F7-4668-BE54-9A1E7A4F7556}") = "Espeon", "game\Espeon\Espeon.csproj", "{AC4CEF81-74BE-49C3-8C83-067D2889AE7F}"
EndProject
Project("{9A19103F-16F7-4668-BE54-9A1E7A4F7556}") = "Umbreon", "game\Umbreon\Umbreon.csproj", "{04B86560-6FEE-4E75-B712-D227E42548B5}"
EndProject
Project("{9A19103F-16F7-4668-BE54-9A1E7A4F7556}") = "PlayfabClientTest", "ConsoleApp1\PlayfabClientTest.csproj", "{08C29E53-7306-45FC-A0C0-A039972A4206}"
EndProject
Project("{2150E333-8FDC-42A3-9474-1A3956D46DE8}") = "Tests", "Tests", "{761B8FBA-00FB-411F-B808-C7D1211E34FD}"
EndProject
Project("{2150E333-8FDC-42A3-9474-1A3956D46DE8}") = "Tools", "Tools", "{89685B87-06FE-41C9-BC0A-5D40952DBDB4}"
EndProject
Project("{9A19103F-16F7-4668-BE54-9A1E7A4F7556}") = "EeveeUnitTests", "tests\EeveeUnitTests\EeveeUnitTests.csproj", "{6F0ACA55-BB2E-4982-A057-3D28DD8B22DA}"
EndProject
Project("{2150E333-8FDC-42A3-9474-1A3956D46DE8}") = "Game", "Game", "{78CBEF78-B352-4FF6-A26C-A4A2EE288F51}"
EndProject
Project("{9A19103F-16F7-4668-BE54-9A1E7A4F7556}") = "UmbreonUnitTests", "tests\UmbreonUnitTests\UmbreonUnitTests.csproj", "{66B1421B-D360-4F0B-93B5-6A11150D35CB}"
EndProject
Project("{9A19103F-16F7-4668-BE54-9A1E7A4F7556}") = "EspeonUnitTests", "tests\EspeonUnitTests\EspeonUnitTests.csproj", "{4A43DE04-3387-44FD-9A30-55384D753F9D}"
EndProject
Project("{2150E333-8FDC-42A3-9474-1A3956D46DE8}") = "Web", "Web", "{36544D98-C5DD-44F5-823D-FA0FAFDF79BB}"
EndProject
Project("{9A19103F-16F7-4668-BE54-9A1E7A4F7556}") = "Spark", "web\Spark\Spark.csproj", "{C9B06E6A-76DC-4172-B90E-BEEDA3A43034}"
EndProject
Project("{2150E333-8FDC-42A3-9474-1A3956D46DE8}") = "Other", "Other", "{DFE957F6-FC64-47E3-9B3D-5A0897A8375C}"
EndProject
Project("{FAE04EC0-301F-11D3-BF4B-00C04F79EFBC}") = "Mud", "web\Mud\Mud.csproj", "{CEDCFC27-BAC4-47BC-9AB1-2EAD5BA14B5D}"
EndProject
Global
	GlobalSection(SolutionConfigurationPlatforms) = preSolution
		Debug|Any CPU = Debug|Any CPU
		ExportDebug|Any CPU = ExportDebug|Any CPU
		ExportRelease|Any CPU = ExportRelease|Any CPU
		Release|Any CPU = Release|Any CPU
	EndGlobalSection
	GlobalSection(ProjectConfigurationPlatforms) = postSolution
		{D831FD67-A7EB-4498-B240-304CCD5998FD}.Debug|Any CPU.ActiveCfg = Debug|Any CPU
		{D831FD67-A7EB-4498-B240-304CCD5998FD}.Debug|Any CPU.Build.0 = Debug|Any CPU
		{D831FD67-A7EB-4498-B240-304CCD5998FD}.ExportDebug|Any CPU.ActiveCfg = Debug|Any CPU
		{D831FD67-A7EB-4498-B240-304CCD5998FD}.ExportDebug|Any CPU.Build.0 = Debug|Any CPU
		{D831FD67-A7EB-4498-B240-304CCD5998FD}.ExportRelease|Any CPU.ActiveCfg = Release|Any CPU
		{D831FD67-A7EB-4498-B240-304CCD5998FD}.ExportRelease|Any CPU.Build.0 = Release|Any CPU
		{D831FD67-A7EB-4498-B240-304CCD5998FD}.Release|Any CPU.ActiveCfg = Release|Any CPU
		{D831FD67-A7EB-4498-B240-304CCD5998FD}.Release|Any CPU.Build.0 = Release|Any CPU
		{AC4CEF81-74BE-49C3-8C83-067D2889AE7F}.Debug|Any CPU.ActiveCfg = Debug|Any CPU
		{AC4CEF81-74BE-49C3-8C83-067D2889AE7F}.Debug|Any CPU.Build.0 = Debug|Any CPU
		{AC4CEF81-74BE-49C3-8C83-067D2889AE7F}.ExportDebug|Any CPU.ActiveCfg = ExportDebug|Any CPU
		{AC4CEF81-74BE-49C3-8C83-067D2889AE7F}.ExportDebug|Any CPU.Build.0 = ExportDebug|Any CPU
		{AC4CEF81-74BE-49C3-8C83-067D2889AE7F}.ExportRelease|Any CPU.ActiveCfg = ExportRelease|Any CPU
		{AC4CEF81-74BE-49C3-8C83-067D2889AE7F}.ExportRelease|Any CPU.Build.0 = ExportRelease|Any CPU
		{AC4CEF81-74BE-49C3-8C83-067D2889AE7F}.Release|Any CPU.ActiveCfg = ExportRelease|Any CPU
		{AC4CEF81-74BE-49C3-8C83-067D2889AE7F}.Release|Any CPU.Build.0 = ExportRelease|Any CPU
		{04B86560-6FEE-4E75-B712-D227E42548B5}.Debug|Any CPU.ActiveCfg = Debug|Any CPU
		{04B86560-6FEE-4E75-B712-D227E42548B5}.Debug|Any CPU.Build.0 = Debug|Any CPU
		{04B86560-6FEE-4E75-B712-D227E42548B5}.ExportDebug|Any CPU.ActiveCfg = ExportDebug|Any CPU
		{04B86560-6FEE-4E75-B712-D227E42548B5}.ExportDebug|Any CPU.Build.0 = ExportDebug|Any CPU
		{04B86560-6FEE-4E75-B712-D227E42548B5}.ExportRelease|Any CPU.ActiveCfg = ExportRelease|Any CPU
		{04B86560-6FEE-4E75-B712-D227E42548B5}.ExportRelease|Any CPU.Build.0 = ExportRelease|Any CPU
		{04B86560-6FEE-4E75-B712-D227E42548B5}.Release|Any CPU.ActiveCfg = ExportRelease|Any CPU
		{04B86560-6FEE-4E75-B712-D227E42548B5}.Release|Any CPU.Build.0 = ExportRelease|Any CPU
		{08C29E53-7306-45FC-A0C0-A039972A4206}.Debug|Any CPU.ActiveCfg = Debug|Any CPU
		{08C29E53-7306-45FC-A0C0-A039972A4206}.Debug|Any CPU.Build.0 = Debug|Any CPU
		{08C29E53-7306-45FC-A0C0-A039972A4206}.ExportDebug|Any CPU.ActiveCfg = Debug|Any CPU
		{08C29E53-7306-45FC-A0C0-A039972A4206}.ExportDebug|Any CPU.Build.0 = Debug|Any CPU
		{08C29E53-7306-45FC-A0C0-A039972A4206}.ExportRelease|Any CPU.ActiveCfg = Release|Any CPU
		{08C29E53-7306-45FC-A0C0-A039972A4206}.ExportRelease|Any CPU.Build.0 = Release|Any CPU
		{08C29E53-7306-45FC-A0C0-A039972A4206}.Release|Any CPU.ActiveCfg = Release|Any CPU
		{08C29E53-7306-45FC-A0C0-A039972A4206}.Release|Any CPU.Build.0 = Release|Any CPU
		{6F0ACA55-BB2E-4982-A057-3D28DD8B22DA}.Debug|Any CPU.ActiveCfg = Debug|Any CPU
		{6F0ACA55-BB2E-4982-A057-3D28DD8B22DA}.Debug|Any CPU.Build.0 = Debug|Any CPU
		{6F0ACA55-BB2E-4982-A057-3D28DD8B22DA}.ExportDebug|Any CPU.ActiveCfg = Debug|Any CPU
		{6F0ACA55-BB2E-4982-A057-3D28DD8B22DA}.ExportDebug|Any CPU.Build.0 = Debug|Any CPU
		{6F0ACA55-BB2E-4982-A057-3D28DD8B22DA}.ExportRelease|Any CPU.ActiveCfg = Release|Any CPU
		{6F0ACA55-BB2E-4982-A057-3D28DD8B22DA}.ExportRelease|Any CPU.Build.0 = Release|Any CPU
		{6F0ACA55-BB2E-4982-A057-3D28DD8B22DA}.Release|Any CPU.ActiveCfg = Release|Any CPU
		{6F0ACA55-BB2E-4982-A057-3D28DD8B22DA}.Release|Any CPU.Build.0 = Release|Any CPU
		{66B1421B-D360-4F0B-93B5-6A11150D35CB}.Debug|Any CPU.ActiveCfg = Debug|Any CPU
		{66B1421B-D360-4F0B-93B5-6A11150D35CB}.Debug|Any CPU.Build.0 = Debug|Any CPU
		{66B1421B-D360-4F0B-93B5-6A11150D35CB}.ExportDebug|Any CPU.ActiveCfg = Debug|Any CPU
		{66B1421B-D360-4F0B-93B5-6A11150D35CB}.ExportDebug|Any CPU.Build.0 = Debug|Any CPU
		{66B1421B-D360-4F0B-93B5-6A11150D35CB}.ExportRelease|Any CPU.ActiveCfg = Release|Any CPU
		{66B1421B-D360-4F0B-93B5-6A11150D35CB}.ExportRelease|Any CPU.Build.0 = Release|Any CPU
		{66B1421B-D360-4F0B-93B5-6A11150D35CB}.Release|Any CPU.ActiveCfg = Release|Any CPU
		{66B1421B-D360-4F0B-93B5-6A11150D35CB}.Release|Any CPU.Build.0 = Release|Any CPU
		{4A43DE04-3387-44FD-9A30-55384D753F9D}.Debug|Any CPU.ActiveCfg = Debug|Any CPU
		{4A43DE04-3387-44FD-9A30-55384D753F9D}.Debug|Any CPU.Build.0 = Debug|Any CPU
		{4A43DE04-3387-44FD-9A30-55384D753F9D}.ExportDebug|Any CPU.ActiveCfg = Debug|Any CPU
		{4A43DE04-3387-44FD-9A30-55384D753F9D}.ExportDebug|Any CPU.Build.0 = Debug|Any CPU
		{4A43DE04-3387-44FD-9A30-55384D753F9D}.ExportRelease|Any CPU.ActiveCfg = Release|Any CPU
		{4A43DE04-3387-44FD-9A30-55384D753F9D}.ExportRelease|Any CPU.Build.0 = Release|Any CPU
		{4A43DE04-3387-44FD-9A30-55384D753F9D}.Release|Any CPU.ActiveCfg = Release|Any CPU
		{4A43DE04-3387-44FD-9A30-55384D753F9D}.Release|Any CPU.Build.0 = Release|Any CPU
		{C9B06E6A-76DC-4172-B90E-BEEDA3A43034}.Debug|Any CPU.ActiveCfg = Debug|Any CPU
		{C9B06E6A-76DC-4172-B90E-BEEDA3A43034}.Debug|Any CPU.Build.0 = Debug|Any CPU
		{C9B06E6A-76DC-4172-B90E-BEEDA3A43034}.ExportDebug|Any CPU.ActiveCfg = Debug|Any CPU
		{C9B06E6A-76DC-4172-B90E-BEEDA3A43034}.ExportDebug|Any CPU.Build.0 = Debug|Any CPU
		{C9B06E6A-76DC-4172-B90E-BEEDA3A43034}.ExportRelease|Any CPU.ActiveCfg = Release|Any CPU
		{C9B06E6A-76DC-4172-B90E-BEEDA3A43034}.ExportRelease|Any CPU.Build.0 = Release|Any CPU
		{C9B06E6A-76DC-4172-B90E-BEEDA3A43034}.Release|Any CPU.ActiveCfg = Release|Any CPU
		{C9B06E6A-76DC-4172-B90E-BEEDA3A43034}.Release|Any CPU.Build.0 = Release|Any CPU
		{CEDCFC27-BAC4-47BC-9AB1-2EAD5BA14B5D}.Debug|Any CPU.ActiveCfg = Debug|Any CPU
		{CEDCFC27-BAC4-47BC-9AB1-2EAD5BA14B5D}.Debug|Any CPU.Build.0 = Debug|Any CPU
		{CEDCFC27-BAC4-47BC-9AB1-2EAD5BA14B5D}.ExportDebug|Any CPU.ActiveCfg = Debug|Any CPU
		{CEDCFC27-BAC4-47BC-9AB1-2EAD5BA14B5D}.ExportDebug|Any CPU.Build.0 = Debug|Any CPU
		{CEDCFC27-BAC4-47BC-9AB1-2EAD5BA14B5D}.ExportRelease|Any CPU.ActiveCfg = Release|Any CPU
		{CEDCFC27-BAC4-47BC-9AB1-2EAD5BA14B5D}.ExportRelease|Any CPU.Build.0 = Release|Any CPU
		{CEDCFC27-BAC4-47BC-9AB1-2EAD5BA14B5D}.Release|Any CPU.ActiveCfg = Release|Any CPU
		{CEDCFC27-BAC4-47BC-9AB1-2EAD5BA14B5D}.Release|Any CPU.Build.0 = Release|Any CPU
	EndGlobalSection
	GlobalSection(SolutionProperties) = preSolution
		HideSolutionNode = FALSE
	EndGlobalSection
	GlobalSection(NestedProjects) = preSolution
		{D831FD67-A7EB-4498-B240-304CCD5998FD} = {78CBEF78-B352-4FF6-A26C-A4A2EE288F51}
		{AC4CEF81-74BE-49C3-8C83-067D2889AE7F} = {78CBEF78-B352-4FF6-A26C-A4A2EE288F51}
		{04B86560-6FEE-4E75-B712-D227E42548B5} = {78CBEF78-B352-4FF6-A26C-A4A2EE288F51}
		{08C29E53-7306-45FC-A0C0-A039972A4206} = {89685B87-06FE-41C9-BC0A-5D40952DBDB4}
		{6F0ACA55-BB2E-4982-A057-3D28DD8B22DA} = {761B8FBA-00FB-411F-B808-C7D1211E34FD}
		{66B1421B-D360-4F0B-93B5-6A11150D35CB} = {761B8FBA-00FB-411F-B808-C7D1211E34FD}
		{4A43DE04-3387-44FD-9A30-55384D753F9D} = {761B8FBA-00FB-411F-B808-C7D1211E34FD}
		{C9B06E6A-76DC-4172-B90E-BEEDA3A43034} = {36544D98-C5DD-44F5-823D-FA0FAFDF79BB}
		{CEDCFC27-BAC4-47BC-9AB1-2EAD5BA14B5D} = {36544D98-C5DD-44F5-823D-FA0FAFDF79BB}
	EndGlobalSection
	GlobalSection(ExtensibilityGlobals) = postSolution
		SolutionGuid = {EA50F941-63F5-455C-8466-4E5D128D00DA}
	EndGlobalSection
EndGlobal
