
Microsoft Visual Studio Solution File, Format Version 12.00
# Visual Studio Version 17
VisualStudioVersion = 17.2.32505.173
MinimumVisualStudioVersion = 10.0.40219.1
Project("{8BC9CEB8-8B4A-11D0-8D11-00A0C91BC942}") = "Umbreon", "Umbreon\Umbreon.vcxproj", "{9AB0F2FD-84F8-4485-9A43-6028F7FC8BE8}"
EndProject
Project("{9A19103F-16F7-4668-BE54-9A1E7A4F7556}") = "Eevee", "Eevee\Eevee.csproj", "{0372F02E-467D-4C69-9CC4-C93872309943}"
EndProject
Project("{2150E333-8FDC-42A3-9474-1A3956D46DE8}") = "Celebi", "Celebi", "{A307267A-C5DE-4E68-8F5D-073DAF7C68F4}"
EndProject
Project("{2150E333-8FDC-42A3-9474-1A3956D46DE8}") = "outdated", "outdated", "{68F8AC61-785E-4C18-A27E-884771F0A10E}"
EndProject
Project("{2150E333-8FDC-42A3-9474-1A3956D46DE8}") = "CelebiTest", "CelebiTest", "{2AC76A36-6CF0-46C0-8EDF-26DA1BA41B16}"
EndProject
Project("{9A19103F-16F7-4668-BE54-9A1E7A4F7556}") = "EeveeTest", "EeveeTest\EeveeTest.csproj", "{AE790AF1-9DBB-45BE-8327-AB9600F94337}"
EndProject
Project("{9A19103F-16F7-4668-BE54-9A1E7A4F7556}") = "UmbreonTest", "UmbreonTest\UmbreonTest.csproj", "{D8C86A9D-6318-4567-9537-8E6B4D57437F}"
EndProject
Project("{9A19103F-16F7-4668-BE54-9A1E7A4F7556}") = "EspeonTest", "EspeonTest\EspeonTest.csproj", "{36A1CCAE-00D9-4294-9160-5E8750B21763}"
EndProject
Project("{9A19103F-16F7-4668-BE54-9A1E7A4F7556}") = "Espeon", "Espeon\Espeon.csproj", "{DC3A89CD-F815-4DC7-9C50-9B068E710346}"
EndProject
Project("{9A19103F-16F7-4668-BE54-9A1E7A4F7556}") = "Umbreon", "UmbreonSharp\Umbreon.csproj", "{8542D078-1580-4597-B92E-4F6637428ED8}"
EndProject
Global
	GlobalSection(SolutionConfigurationPlatforms) = preSolution
		Debug|Any CPU = Debug|Any CPU
		Debug|x64 = Debug|x64
		Debug|x86 = Debug|x86
		Release|Any CPU = Release|Any CPU
		Release|x64 = Release|x64
		Release|x86 = Release|x86
	EndGlobalSection
	GlobalSection(ProjectConfigurationPlatforms) = postSolution
		{9AB0F2FD-84F8-4485-9A43-6028F7FC8BE8}.Debug|Any CPU.ActiveCfg = Debug|x64
		{9AB0F2FD-84F8-4485-9A43-6028F7FC8BE8}.Debug|Any CPU.Build.0 = Debug|x64
		{9AB0F2FD-84F8-4485-9A43-6028F7FC8BE8}.Debug|x64.ActiveCfg = Debug|x64
		{9AB0F2FD-84F8-4485-9A43-6028F7FC8BE8}.Debug|x64.Build.0 = Debug|x64
		{9AB0F2FD-84F8-4485-9A43-6028F7FC8BE8}.Debug|x86.ActiveCfg = Debug|Win32
		{9AB0F2FD-84F8-4485-9A43-6028F7FC8BE8}.Debug|x86.Build.0 = Debug|Win32
		{9AB0F2FD-84F8-4485-9A43-6028F7FC8BE8}.Release|Any CPU.ActiveCfg = Release|x64
		{9AB0F2FD-84F8-4485-9A43-6028F7FC8BE8}.Release|Any CPU.Build.0 = Release|x64
		{9AB0F2FD-84F8-4485-9A43-6028F7FC8BE8}.Release|x64.ActiveCfg = Release|x64
		{9AB0F2FD-84F8-4485-9A43-6028F7FC8BE8}.Release|x64.Build.0 = Release|x64
		{9AB0F2FD-84F8-4485-9A43-6028F7FC8BE8}.Release|x86.ActiveCfg = Release|Win32
		{9AB0F2FD-84F8-4485-9A43-6028F7FC8BE8}.Release|x86.Build.0 = Release|Win32
		{0372F02E-467D-4C69-9CC4-C93872309943}.Debug|Any CPU.ActiveCfg = Debug|Any CPU
		{0372F02E-467D-4C69-9CC4-C93872309943}.Debug|Any CPU.Build.0 = Debug|Any CPU
		{0372F02E-467D-4C69-9CC4-C93872309943}.Debug|x64.ActiveCfg = Debug|Any CPU
		{0372F02E-467D-4C69-9CC4-C93872309943}.Debug|x64.Build.0 = Debug|Any CPU
		{0372F02E-467D-4C69-9CC4-C93872309943}.Debug|x86.ActiveCfg = Debug|Any CPU
		{0372F02E-467D-4C69-9CC4-C93872309943}.Debug|x86.Build.0 = Debug|Any CPU
		{0372F02E-467D-4C69-9CC4-C93872309943}.Release|Any CPU.ActiveCfg = Release|Any CPU
		{0372F02E-467D-4C69-9CC4-C93872309943}.Release|Any CPU.Build.0 = Release|Any CPU
		{0372F02E-467D-4C69-9CC4-C93872309943}.Release|x64.ActiveCfg = Release|Any CPU
		{0372F02E-467D-4C69-9CC4-C93872309943}.Release|x64.Build.0 = Release|Any CPU
		{0372F02E-467D-4C69-9CC4-C93872309943}.Release|x86.ActiveCfg = Release|Any CPU
		{0372F02E-467D-4C69-9CC4-C93872309943}.Release|x86.Build.0 = Release|Any CPU
		{AE790AF1-9DBB-45BE-8327-AB9600F94337}.Debug|Any CPU.ActiveCfg = Debug|Any CPU
		{AE790AF1-9DBB-45BE-8327-AB9600F94337}.Debug|Any CPU.Build.0 = Debug|Any CPU
		{AE790AF1-9DBB-45BE-8327-AB9600F94337}.Debug|x64.ActiveCfg = Debug|Any CPU
		{AE790AF1-9DBB-45BE-8327-AB9600F94337}.Debug|x64.Build.0 = Debug|Any CPU
		{AE790AF1-9DBB-45BE-8327-AB9600F94337}.Debug|x86.ActiveCfg = Debug|Any CPU
		{AE790AF1-9DBB-45BE-8327-AB9600F94337}.Debug|x86.Build.0 = Debug|Any CPU
		{AE790AF1-9DBB-45BE-8327-AB9600F94337}.Release|Any CPU.ActiveCfg = Release|Any CPU
		{AE790AF1-9DBB-45BE-8327-AB9600F94337}.Release|Any CPU.Build.0 = Release|Any CPU
		{AE790AF1-9DBB-45BE-8327-AB9600F94337}.Release|x64.ActiveCfg = Release|Any CPU
		{AE790AF1-9DBB-45BE-8327-AB9600F94337}.Release|x64.Build.0 = Release|Any CPU
		{AE790AF1-9DBB-45BE-8327-AB9600F94337}.Release|x86.ActiveCfg = Release|Any CPU
		{AE790AF1-9DBB-45BE-8327-AB9600F94337}.Release|x86.Build.0 = Release|Any CPU
		{D8C86A9D-6318-4567-9537-8E6B4D57437F}.Debug|Any CPU.ActiveCfg = Debug|Any CPU
		{D8C86A9D-6318-4567-9537-8E6B4D57437F}.Debug|Any CPU.Build.0 = Debug|Any CPU
		{D8C86A9D-6318-4567-9537-8E6B4D57437F}.Debug|x64.ActiveCfg = Debug|Any CPU
		{D8C86A9D-6318-4567-9537-8E6B4D57437F}.Debug|x64.Build.0 = Debug|Any CPU
		{D8C86A9D-6318-4567-9537-8E6B4D57437F}.Debug|x86.ActiveCfg = Debug|Any CPU
		{D8C86A9D-6318-4567-9537-8E6B4D57437F}.Debug|x86.Build.0 = Debug|Any CPU
		{D8C86A9D-6318-4567-9537-8E6B4D57437F}.Release|Any CPU.ActiveCfg = Release|Any CPU
		{D8C86A9D-6318-4567-9537-8E6B4D57437F}.Release|Any CPU.Build.0 = Release|Any CPU
		{D8C86A9D-6318-4567-9537-8E6B4D57437F}.Release|x64.ActiveCfg = Release|Any CPU
		{D8C86A9D-6318-4567-9537-8E6B4D57437F}.Release|x64.Build.0 = Release|Any CPU
		{D8C86A9D-6318-4567-9537-8E6B4D57437F}.Release|x86.ActiveCfg = Release|Any CPU
		{D8C86A9D-6318-4567-9537-8E6B4D57437F}.Release|x86.Build.0 = Release|Any CPU
		{36A1CCAE-00D9-4294-9160-5E8750B21763}.Debug|Any CPU.ActiveCfg = Debug|Any CPU
		{36A1CCAE-00D9-4294-9160-5E8750B21763}.Debug|Any CPU.Build.0 = Debug|Any CPU
		{36A1CCAE-00D9-4294-9160-5E8750B21763}.Debug|x64.ActiveCfg = Debug|Any CPU
		{36A1CCAE-00D9-4294-9160-5E8750B21763}.Debug|x64.Build.0 = Debug|Any CPU
		{36A1CCAE-00D9-4294-9160-5E8750B21763}.Debug|x86.ActiveCfg = Debug|Any CPU
		{36A1CCAE-00D9-4294-9160-5E8750B21763}.Debug|x86.Build.0 = Debug|Any CPU
		{36A1CCAE-00D9-4294-9160-5E8750B21763}.Release|Any CPU.ActiveCfg = Release|Any CPU
		{36A1CCAE-00D9-4294-9160-5E8750B21763}.Release|Any CPU.Build.0 = Release|Any CPU
		{36A1CCAE-00D9-4294-9160-5E8750B21763}.Release|x64.ActiveCfg = Release|Any CPU
		{36A1CCAE-00D9-4294-9160-5E8750B21763}.Release|x64.Build.0 = Release|Any CPU
		{36A1CCAE-00D9-4294-9160-5E8750B21763}.Release|x86.ActiveCfg = Release|Any CPU
		{36A1CCAE-00D9-4294-9160-5E8750B21763}.Release|x86.Build.0 = Release|Any CPU
		{DC3A89CD-F815-4DC7-9C50-9B068E710346}.Debug|Any CPU.ActiveCfg = Debug|Any CPU
		{DC3A89CD-F815-4DC7-9C50-9B068E710346}.Debug|Any CPU.Build.0 = Debug|Any CPU
		{DC3A89CD-F815-4DC7-9C50-9B068E710346}.Debug|x64.ActiveCfg = Debug|Any CPU
		{DC3A89CD-F815-4DC7-9C50-9B068E710346}.Debug|x64.Build.0 = Debug|Any CPU
		{DC3A89CD-F815-4DC7-9C50-9B068E710346}.Debug|x86.ActiveCfg = Debug|Any CPU
		{DC3A89CD-F815-4DC7-9C50-9B068E710346}.Debug|x86.Build.0 = Debug|Any CPU
		{DC3A89CD-F815-4DC7-9C50-9B068E710346}.Release|Any CPU.ActiveCfg = Release|Any CPU
		{DC3A89CD-F815-4DC7-9C50-9B068E710346}.Release|Any CPU.Build.0 = Release|Any CPU
		{DC3A89CD-F815-4DC7-9C50-9B068E710346}.Release|x64.ActiveCfg = Release|Any CPU
		{DC3A89CD-F815-4DC7-9C50-9B068E710346}.Release|x64.Build.0 = Release|Any CPU
		{DC3A89CD-F815-4DC7-9C50-9B068E710346}.Release|x86.ActiveCfg = Release|Any CPU
		{DC3A89CD-F815-4DC7-9C50-9B068E710346}.Release|x86.Build.0 = Release|Any CPU
		{8542D078-1580-4597-B92E-4F6637428ED8}.Debug|Any CPU.ActiveCfg = Debug|Any CPU
		{8542D078-1580-4597-B92E-4F6637428ED8}.Debug|Any CPU.Build.0 = Debug|Any CPU
		{8542D078-1580-4597-B92E-4F6637428ED8}.Debug|x64.ActiveCfg = Debug|Any CPU
		{8542D078-1580-4597-B92E-4F6637428ED8}.Debug|x64.Build.0 = Debug|Any CPU
		{8542D078-1580-4597-B92E-4F6637428ED8}.Debug|x86.ActiveCfg = Debug|Any CPU
		{8542D078-1580-4597-B92E-4F6637428ED8}.Debug|x86.Build.0 = Debug|Any CPU
		{8542D078-1580-4597-B92E-4F6637428ED8}.Release|Any CPU.ActiveCfg = Release|Any CPU
		{8542D078-1580-4597-B92E-4F6637428ED8}.Release|Any CPU.Build.0 = Release|Any CPU
		{8542D078-1580-4597-B92E-4F6637428ED8}.Release|x64.ActiveCfg = Release|Any CPU
		{8542D078-1580-4597-B92E-4F6637428ED8}.Release|x64.Build.0 = Release|Any CPU
		{8542D078-1580-4597-B92E-4F6637428ED8}.Release|x86.ActiveCfg = Release|Any CPU
		{8542D078-1580-4597-B92E-4F6637428ED8}.Release|x86.Build.0 = Release|Any CPU
	EndGlobalSection
	GlobalSection(SolutionProperties) = preSolution
		HideSolutionNode = FALSE
	EndGlobalSection
	GlobalSection(NestedProjects) = preSolution
		{9AB0F2FD-84F8-4485-9A43-6028F7FC8BE8} = {68F8AC61-785E-4C18-A27E-884771F0A10E}
		{0372F02E-467D-4C69-9CC4-C93872309943} = {A307267A-C5DE-4E68-8F5D-073DAF7C68F4}
		{AE790AF1-9DBB-45BE-8327-AB9600F94337} = {2AC76A36-6CF0-46C0-8EDF-26DA1BA41B16}
		{D8C86A9D-6318-4567-9537-8E6B4D57437F} = {2AC76A36-6CF0-46C0-8EDF-26DA1BA41B16}
		{36A1CCAE-00D9-4294-9160-5E8750B21763} = {2AC76A36-6CF0-46C0-8EDF-26DA1BA41B16}
		{DC3A89CD-F815-4DC7-9C50-9B068E710346} = {A307267A-C5DE-4E68-8F5D-073DAF7C68F4}
		{8542D078-1580-4597-B92E-4F6637428ED8} = {A307267A-C5DE-4E68-8F5D-073DAF7C68F4}
	EndGlobalSection
	GlobalSection(ExtensibilityGlobals) = postSolution
		SolutionGuid = {2BC1CD11-9E93-4540-9927-58994BC0E9F4}
	EndGlobalSection
EndGlobal
