<?xml version="1.0" encoding="utf-8"?>
<Project ToolsVersion="4.0" xmlns="http://schemas.microsoft.com/developer/msbuild/2003">
  <ItemGroup>
    <Filter Include="Source Files">
      <UniqueIdentifier>{4FC737F1-C7A5-4376-A066-2A32D752A2FF}</UniqueIdentifier>
      <Extensions>cpp;c;cc;cxx;c++;cppm;ixx;def;odl;idl;hpj;bat;asm;asmx</Extensions>
    </Filter>
    <Filter Include="Header Files">
      <UniqueIdentifier>{93995380-89BD-4b04-88EB-625FBE52EBFB}</UniqueIdentifier>
      <Extensions>h;hh;hpp;hxx;h++;hm;inl;inc;ipp;xsd</Extensions>
    </Filter>
    <Filter Include="Resource Files">
      <UniqueIdentifier>{67DA6AB6-F800-4c08-8B7A-83BB121AAD01}</UniqueIdentifier>
      <Extensions>rc;ico;cur;bmp;dlg;rc2;rct;bin;rgs;gif;jpg;jpeg;jpe;resx;tiff;tif;png;wav;mfcribbon-ms</Extensions>
    </Filter>
  </ItemGroup>
  <ItemGroup>
    <ClCompile Include="src\Umbreon.cpp">
      <Filter>Source Files</Filter>
    </ClCompile>
  </ItemGroup>
  <ItemGroup>
    <None Include="README.md" />
  </ItemGroup>
  <ItemGroup>
    <ClInclude Include="src\handlers\CastSpellHandler.h">
      <Filter>Header Files</Filter>
    </ClInclude>
    <ClInclude Include="src\handlers\PacketHandler.h">
      <Filter>Header Files</Filter>
    </ClInclude>
    <ClInclude Include="src\models\effects\move\Dash.h">
      <Filter>Header Files</Filter>
    </ClInclude>
    <ClInclude Include="src\models\effects\move\Push.h">
      <Filter>Header Files</Filter>
    </ClInclude>
    <ClInclude Include="src\models\effects\move\Swap.h">
      <Filter>Header Files</Filter>
    </ClInclude>
    <ClInclude Include="src\models\effects\move\Teleport.h">
      <Filter>Header Files</Filter>
    </ClInclude>
    <ClInclude Include="src\models\effects\AddStatus.h">
      <Filter>Header Files</Filter>
    </ClInclude>
    <ClInclude Include="src\models\effects\Damage.h">
      <Filter>Header Files</Filter>
    </ClInclude>
    <ClInclude Include="src\models\effects\Flee.h">
      <Filter>Header Files</Filter>
    </ClInclude>
    <ClInclude Include="src\models\effects\Summon.h">
      <Filter>Header Files</Filter>
    </ClInclude>
    <ClInclude Include="src\models\Aoe.h">
      <Filter>Header Files</Filter>
    </ClInclude>
    <ClInclude Include="src\models\Board.h">
      <Filter>Header Files</Filter>
    </ClInclude>
    <ClInclude Include="src\models\Creature.h">
      <Filter>Header Files</Filter>
    </ClInclude>
    <ClInclude Include="src\models\Effect.h">
      <Filter>Header Files</Filter>
    </ClInclude>
    <ClInclude Include="src\models\Fight.h">
      <Filter>Header Files</Filter>
    </ClInclude>
    <ClInclude Include="src\models\Spell.h">
      <Filter>Header Files</Filter>
    </ClInclude>
    <ClInclude Include="src\models\Stats.h">
      <Filter>Header Files</Filter>
    </ClInclude>
    <ClInclude Include="src\models\Status.h">
      <Filter>Header Files</Filter>
    </ClInclude>
    <ClInclude Include="src\models\Target.h">
      <Filter>Header Files</Filter>
    </ClInclude>
    <ClInclude Include="src\models\Trigger.h">
      <Filter>Header Files</Filter>
    </ClInclude>
    <ClInclude Include="src\packets\CastSpell.h">
      <Filter>Header Files</Filter>
    </ClInclude>
    <ClInclude Include="src\packets\Move.h">
      <Filter>Header Files</Filter>
    </ClInclude>
    <ClInclude Include="src\packets\Packet.h">
      <Filter>Header Files</Filter>
    </ClInclude>
    <ClInclude Include="src\ActionPipeline.h">
      <Filter>Header Files</Filter>
    </ClInclude>
    <ClInclude Include="src\util\Position.h">
      <Filter>Header Files</Filter>
    </ClInclude>
  </ItemGroup>
</Project>